// !$*UTF8*$!
{
	archiveVersion = 1;
	classes = {
	};
	objectVersion = 48;
	objects = {

/* Begin PBXBuildFile section */
		742D915F1F9076220023ACC9 /* AppDelegate.swift in Sources */ = {isa = PBXBuildFile; fileRef = 742D915E1F9076220023ACC9 /* AppDelegate.swift */; };
		742D91611F9076220023ACC9 /* ViewController.swift in Sources */ = {isa = PBXBuildFile; fileRef = 742D91601F9076220023ACC9 /* ViewController.swift */; };
		742D91641F9076220023ACC9 /* Main.storyboard in Resources */ = {isa = PBXBuildFile; fileRef = 742D91621F9076220023ACC9 /* Main.storyboard */; };
		742D91661F9076220023ACC9 /* Assets.xcassets in Resources */ = {isa = PBXBuildFile; fileRef = 742D91651F9076220023ACC9 /* Assets.xcassets */; };
		742D91691F9076220023ACC9 /* LaunchScreen.storyboard in Resources */ = {isa = PBXBuildFile; fileRef = 742D91671F9076220023ACC9 /* LaunchScreen.storyboard */; };
		742D91741F9076220023ACC9 /* TestTableTests.swift in Sources */ = {isa = PBXBuildFile; fileRef = 742D91731F9076220023ACC9 /* TestTableTests.swift */; };
		742D917F1F9076220023ACC9 /* TestTableUITests.swift in Sources */ = {isa = PBXBuildFile; fileRef = 742D917E1F9076220023ACC9 /* TestTableUITests.swift */; };
/* End PBXBuildFile section */

/* Begin PBXContainerItemProxy section */
		742D91701F9076220023ACC9 /* PBXContainerItemProxy */ = {
			isa = PBXContainerItemProxy;
			containerPortal = 742D91531F9076210023ACC9 /* Project object */;
			proxyType = 1;
			remoteGlobalIDString = 742D915A1F9076220023ACC9;
			remoteInfo = TestTable;
		};
		742D917B1F9076220023ACC9 /* PBXContainerItemProxy */ = {
			isa = PBXContainerItemProxy;
			containerPortal = 742D91531F9076210023ACC9 /* Project object */;
			proxyType = 1;
			remoteGlobalIDString = 742D915A1F9076220023ACC9;
			remoteInfo = TestTable;
		};
/* End PBXContainerItemProxy section */

/* Begin PBXFileReference section */
		742D915B1F9076220023ACC9 /* TestTable.app */ = {isa = PBXFileReference; explicitFileType = wrapper.application; includeInIndex = 0; path = TestTable.app; sourceTree = BUILT_PRODUCTS_DIR; };
		742D915E1F9076220023ACC9 /* AppDelegate.swift */ = {isa = PBXFileReference; lastKnownFileType = sourcecode.swift; path = AppDelegate.swift; sourceTree = "<group>"; };
		742D91601F9076220023ACC9 /* ViewController.swift */ = {isa = PBXFileReference; lastKnownFileType = sourcecode.swift; path = ViewController.swift; sourceTree = "<group>"; };
		742D91631F9076220023ACC9 /* Base */ = {isa = PBXFileReference; lastKnownFileType = file.storyboard; name = Base; path = Base.lproj/Main.storyboard; sourceTree = "<group>"; };
		742D91651F9076220023ACC9 /* Assets.xcassets */ = {isa = PBXFileReference; lastKnownFileType = folder.assetcatalog; path = Assets.xcassets; sourceTree = "<group>"; };
		742D91681F9076220023ACC9 /* Base */ = {isa = PBXFileReference; lastKnownFileType = file.storyboard; name = Base; path = Base.lproj/LaunchScreen.storyboard; sourceTree = "<group>"; };
		742D916A1F9076220023ACC9 /* Info.plist */ = {isa = PBXFileReference; lastKnownFileType = text.plist.xml; path = Info.plist; sourceTree = "<group>"; };
		742D916F1F9076220023ACC9 /* TestTableTests.xctest */ = {isa = PBXFileReference; explicitFileType = wrapper.cfbundle; includeInIndex = 0; path = TestTableTests.xctest; sourceTree = BUILT_PRODUCTS_DIR; };
		742D91731F9076220023ACC9 /* TestTableTests.swift */ = {isa = PBXFileReference; lastKnownFileType = sourcecode.swift; path = TestTableTests.swift; sourceTree = "<group>"; };
		742D91751F9076220023ACC9 /* Info.plist */ = {isa = PBXFileReference; lastKnownFileType = text.plist.xml; path = Info.plist; sourceTree = "<group>"; };
		742D917A1F9076220023ACC9 /* TestTableUITests.xctest */ = {isa = PBXFileReference; explicitFileType = wrapper.cfbundle; includeInIndex = 0; path = TestTableUITests.xctest; sourceTree = BUILT_PRODUCTS_DIR; };
		742D917E1F9076220023ACC9 /* TestTableUITests.swift */ = {isa = PBXFileReference; lastKnownFileType = sourcecode.swift; path = TestTableUITests.swift; sourceTree = "<group>"; };
		742D91801F9076220023ACC9 /* Info.plist */ = {isa = PBXFileReference; lastKnownFileType = text.plist.xml; path = Info.plist; sourceTree = "<group>"; };
/* End PBXFileReference section */

/* Begin PBXFrameworksBuildPhase section */
		742D91581F9076220023ACC9 /* Frameworks */ = {
			isa = PBXFrameworksBuildPhase;
			buildActionMask = 2147483647;
			files = (
			);
			runOnlyForDeploymentPostprocessing = 0;
		};
		742D916C1F9076220023ACC9 /* Frameworks */ = {
			isa = PBXFrameworksBuildPhase;
			buildActionMask = 2147483647;
			files = (
			);
			runOnlyForDeploymentPostprocessing = 0;
		};
		742D91771F9076220023ACC9 /* Frameworks */ = {
			isa = PBXFrameworksBuildPhase;
			buildActionMask = 2147483647;
			files = (
			);
			runOnlyForDeploymentPostprocessing = 0;
		};
/* End PBXFrameworksBuildPhase section */

/* Begin PBXGroup section */
		742D91521F9076210023ACC9 = {
			isa = PBXGroup;
			children = (
				742D915D1F9076220023ACC9 /* TestTable */,
				742D91721F9076220023ACC9 /* TestTableTests */,
				742D917D1F9076220023ACC9 /* TestTableUITests */,
				742D915C1F9076220023ACC9 /* Products */,
			);
			sourceTree = "<group>";
		};
		742D915C1F9076220023ACC9 /* Products */ = {
			isa = PBXGroup;
			children = (
				742D915B1F9076220023ACC9 /* TestTable.app */,
				742D916F1F9076220023ACC9 /* TestTableTests.xctest */,
				742D917A1F9076220023ACC9 /* TestTableUITests.xctest */,
			);
			name = Products;
			sourceTree = "<group>";
		};
		742D915D1F9076220023ACC9 /* TestTable */ = {
			isa = PBXGroup;
			children = (
				742D915E1F9076220023ACC9 /* AppDelegate.swift */,
				742D91601F9076220023ACC9 /* ViewController.swift */,
				742D91621F9076220023ACC9 /* Main.storyboard */,
				742D91651F9076220023ACC9 /* Assets.xcassets */,
				742D91671F9076220023ACC9 /* LaunchScreen.storyboard */,
				742D916A1F9076220023ACC9 /* Info.plist */,
			);
			path = TestTable;
			sourceTree = "<group>";
		};
		742D91721F9076220023ACC9 /* TestTableTests */ = {
			isa = PBXGroup;
			children = (
				742D91731F9076220023ACC9 /* TestTableTests.swift */,
				742D91751F9076220023ACC9 /* Info.plist */,
			);
			path = TestTableTests;
			sourceTree = "<group>";
		};
		742D917D1F9076220023ACC9 /* TestTableUITests */ = {
			isa = PBXGroup;
			children = (
				742D917E1F9076220023ACC9 /* TestTableUITests.swift */,
				742D91801F9076220023ACC9 /* Info.plist */,
			);
			path = TestTableUITests;
			sourceTree = "<group>";
		};
/* End PBXGroup section */

/* Begin PBXNativeTarget section */
		742D915A1F9076220023ACC9 /* TestTable */ = {
			isa = PBXNativeTarget;
			buildConfigurationList = 742D91831F9076220023ACC9 /* Build configuration list for PBXNativeTarget "TestTable" */;
			buildPhases = (
				742D91571F9076220023ACC9 /* Sources */,
				742D91581F9076220023ACC9 /* Frameworks */,
				742D91591F9076220023ACC9 /* Resources */,
			);
			buildRules = (
			);
			dependencies = (
			);
			name = TestTable;
			productName = TestTable;
			productReference = 742D915B1F9076220023ACC9 /* TestTable.app */;
			productType = "com.apple.product-type.application";
		};
		742D916E1F9076220023ACC9 /* TestTableTests */ = {
			isa = PBXNativeTarget;
			buildConfigurationList = 742D91861F9076220023ACC9 /* Build configuration list for PBXNativeTarget "TestTableTests" */;
			buildPhases = (
				742D916B1F9076220023ACC9 /* Sources */,
				742D916C1F9076220023ACC9 /* Frameworks */,
				742D916D1F9076220023ACC9 /* Resources */,
			);
			buildRules = (
			);
			dependencies = (
				742D91711F9076220023ACC9 /* PBXTargetDependency */,
			);
			name = TestTableTests;
			productName = TestTableTests;
			productReference = 742D916F1F9076220023ACC9 /* TestTableTests.xctest */;
			productType = "com.apple.product-type.bundle.unit-test";
		};
		742D91791F9076220023ACC9 /* TestTableUITests */ = {
			isa = PBXNativeTarget;
			buildConfigurationList = 742D91891F9076220023ACC9 /* Build configuration list for PBXNativeTarget "TestTableUITests" */;
			buildPhases = (
				742D91761F9076220023ACC9 /* Sources */,
				742D91771F9076220023ACC9 /* Frameworks */,
				742D91781F9076220023ACC9 /* Resources */,
			);
			buildRules = (
			);
			dependencies = (
				742D917C1F9076220023ACC9 /* PBXTargetDependency */,
			);
			name = TestTableUITests;
			productName = TestTableUITests;
			productReference = 742D917A1F9076220023ACC9 /* TestTableUITests.xctest */;
			productType = "com.apple.product-type.bundle.ui-testing";
		};
/* End PBXNativeTarget section */

/* Begin PBXProject section */
		742D91531F9076210023ACC9 /* Project object */ = {
			isa = PBXProject;
			attributes = {
				LastSwiftUpdateCheck = 0900;
				LastUpgradeCheck = 0900;
				ORGANIZATIONNAME = WengChihao;
				TargetAttributes = {
					742D915A1F9076220023ACC9 = {
						CreatedOnToolsVersion = 9.0;
						ProvisioningStyle = Automatic;
					};
					742D916E1F9076220023ACC9 = {
						CreatedOnToolsVersion = 9.0;
						ProvisioningStyle = Automatic;
						TestTargetID = 742D915A1F9076220023ACC9;
					};
					742D91791F9076220023ACC9 = {
						CreatedOnToolsVersion = 9.0;
						ProvisioningStyle = Automatic;
						TestTargetID = 742D915A1F9076220023ACC9;
					};
				};
			};
			buildConfigurationList = 742D91561F9076210023ACC9 /* Build configuration list for PBXProject "TestTable" */;
			compatibilityVersion = "Xcode 8.0";
			developmentRegion = en;
			hasScannedForEncodings = 0;
			knownRegions = (
				en,
				Base,
			);
			mainGroup = 742D91521F9076210023ACC9;
			productRefGroup = 742D915C1F9076220023ACC9 /* Products */;
			projectDirPath = "";
			projectRoot = "";
			targets = (
				742D915A1F9076220023ACC9 /* TestTable */,
				742D916E1F9076220023ACC9 /* TestTableTests */,
				742D91791F9076220023ACC9 /* TestTableUITests */,
			);
		};
/* End PBXProject section */

/* Begin PBXResourcesBuildPhase section */
		742D91591F9076220023ACC9 /* Resources */ = {
			isa = PBXResourcesBuildPhase;
			buildActionMask = 2147483647;
			files = (
				742D91691F9076220023ACC9 /* LaunchScreen.storyboard in Resources */,
				742D91661F9076220023ACC9 /* Assets.xcassets in Resources */,
				742D91641F9076220023ACC9 /* Main.storyboard in Resources */,
			);
			runOnlyForDeploymentPostprocessing = 0;
		};
		742D916D1F9076220023ACC9 /* Resources */ = {
			isa = PBXResourcesBuildPhase;
			buildActionMask = 2147483647;
			files = (
			);
			runOnlyForDeploymentPostprocessing = 0;
		};
		742D91781F9076220023ACC9 /* Resources */ = {
			isa = PBXResourcesBuildPhase;
			buildActionMask = 2147483647;
			files = (
			);
			runOnlyForDeploymentPostprocessing = 0;
		};
/* End PBXResourcesBuildPhase section */

/* Begin PBXSourcesBuildPhase section */
		742D91571F9076220023ACC9 /* Sources */ = {
			isa = PBXSourcesBuildPhase;
			buildActionMask = 2147483647;
			files = (
				742D91611F9076220023ACC9 /* ViewController.swift in Sources */,
				742D915F1F9076220023ACC9 /* AppDelegate.swift in Sources */,
			);
			runOnlyForDeploymentPostprocessing = 0;
		};
		742D916B1F9076220023ACC9 /* Sources */ = {
			isa = PBXSourcesBuildPhase;
			buildActionMask = 2147483647;
			files = (
				742D91741F9076220023ACC9 /* TestTableTests.swift in Sources */,
			);
			runOnlyForDeploymentPostprocessing = 0;
		};
		742D91761F9076220023ACC9 /* Sources */ = {
			isa = PBXSourcesBuildPhase;
			buildActionMask = 2147483647;
			files = (
				742D917F1F9076220023ACC9 /* TestTableUITests.swift in Sources */,
			);
			runOnlyForDeploymentPostprocessing = 0;
		};
/* End PBXSourcesBuildPhase section */

/* Begin PBXTargetDependency section */
		742D91711F9076220023ACC9 /* PBXTargetDependency */ = {
			isa = PBXTargetDependency;
			target = 742D915A1F9076220023ACC9 /* TestTable */;
			targetProxy = 742D91701F9076220023ACC9 /* PBXContainerItemProxy */;
		};
		742D917C1F9076220023ACC9 /* PBXTargetDependency */ = {
			isa = PBXTargetDependency;
			target = 742D915A1F9076220023ACC9 /* TestTable */;
			targetProxy = 742D917B1F9076220023ACC9 /* PBXContainerItemProxy */;
		};
/* End PBXTargetDependency section */

/* Begin PBXVariantGroup section */
		742D91621F9076220023ACC9 /* Main.storyboard */ = {
			isa = PBXVariantGroup;
			children = (
				742D91631F9076220023ACC9 /* Base */,
			);
			name = Main.storyboard;
			sourceTree = "<group>";
		};
		742D91671F9076220023ACC9 /* LaunchScreen.storyboard */ = {
			isa = PBXVariantGroup;
			children = (
				742D91681F9076220023ACC9 /* Base */,
			);
			name = LaunchScreen.storyboard;
			sourceTree = "<group>";
		};
/* End PBXVariantGroup section */

/* Begin XCBuildConfiguration section */
		742D91811F9076220023ACC9 /* Debug */ = {
			isa = XCBuildConfiguration;
			buildSettings = {
				ALWAYS_SEARCH_USER_PATHS = NO;
				CLANG_ANALYZER_NONNULL = YES;
				CLANG_ANALYZER_NUMBER_OBJECT_CONVERSION = YES_AGGRESSIVE;
				CLANG_CXX_LANGUAGE_STANDARD = "gnu++14";
				CLANG_CXX_LIBRARY = "libc++";
				CLANG_ENABLE_MODULES = YES;
				CLANG_ENABLE_OBJC_ARC = YES;
				CLANG_WARN_BLOCK_CAPTURE_AUTORELEASING = YES;
				CLANG_WARN_BOOL_CONVERSION = YES;
				CLANG_WARN_COMMA = YES;
				CLANG_WARN_CONSTANT_CONVERSION = YES;
				CLANG_WARN_DIRECT_OBJC_ISA_USAGE = YES_ERROR;
				CLANG_WARN_DOCUMENTATION_COMMENTS = YES;
				CLANG_WARN_EMPTY_BODY = YES;
				CLANG_WARN_ENUM_CONVERSION = YES;
				CLANG_WARN_INFINITE_RECURSION = YES;
				CLANG_WARN_INT_CONVERSION = YES;
				CLANG_WARN_NON_LITERAL_NULL_CONVERSION = YES;
				CLANG_WARN_OBJC_LITERAL_CONVERSION = YES;
				CLANG_WARN_OBJC_ROOT_CLASS = YES_ERROR;
				CLANG_WARN_RANGE_LOOP_ANALYSIS = YES;
				CLANG_WARN_STRICT_PROTOTYPES = YES;
				CLANG_WARN_SUSPICIOUS_MOVE = YES;
				CLANG_WARN_UNGUARDED_AVAILABILITY = YES_AGGRESSIVE;
				CLANG_WARN_UNREACHABLE_CODE = YES;
				CLANG_WARN__DUPLICATE_METHOD_MATCH = YES;
				CODE_SIGN_IDENTITY = "iPhone Developer";
				COPY_PHASE_STRIP = NO;
				DEBUG_INFORMATION_FORMAT = dwarf;
				ENABLE_STRICT_OBJC_MSGSEND = YES;
				ENABLE_TESTABILITY = YES;
				GCC_C_LANGUAGE_STANDARD = gnu11;
				GCC_DYNAMIC_NO_PIC = NO;
				GCC_NO_COMMON_BLOCKS = YES;
				GCC_OPTIMIZATION_LEVEL = 0;
				GCC_PREPROCESSOR_DEFINITIONS = (
					"DEBUG=1",
					"$(inherited)",
				);
				GCC_WARN_64_TO_32_BIT_CONVERSION = YES;
				GCC_WARN_ABOUT_RETURN_TYPE = YES_ERROR;
				GCC_WARN_UNDECLARED_SELECTOR = YES;
				GCC_WARN_UNINITIALIZED_AUTOS = YES_AGGRESSIVE;
				GCC_WARN_UNUSED_FUNCTION = YES;
				GCC_WARN_UNUSED_VARIABLE = YES;
				IPHONEOS_DEPLOYMENT_TARGET = 11.0;
				MTL_ENABLE_DEBUG_INFO = YES;
				ONLY_ACTIVE_ARCH = YES;
				SDKROOT = iphoneos;
				SWIFT_ACTIVE_COMPILATION_CONDITIONS = DEBUG;
				SWIFT_OPTIMIZATION_LEVEL = "-Onone";
			};
			name = Debug;
		};
		742D91821F9076220023ACC9 /* Release */ = {
			isa = XCBuildConfiguration;
			buildSettings = {
				ALWAYS_SEARCH_USER_PATHS = NO;
				CLANG_ANALYZER_NONNULL = YES;
				CLANG_ANALYZER_NUMBER_OBJECT_CONVERSION = YES_AGGRESSIVE;
				CLANG_CXX_LANGUAGE_STANDARD = "gnu++14";
				CLANG_CXX_LIBRARY = "libc++";
				CLANG_ENABLE_MODULES = YES;
				CLANG_ENABLE_OBJC_ARC = YES;
				CLANG_WARN_BLOCK_CAPTURE_AUTORELEASING = YES;
				CLANG_WARN_BOOL_CONVERSION = YES;
				CLANG_WARN_COMMA = YES;
				CLANG_WARN_CONSTANT_CONVERSION = YES;
				CLANG_WARN_DIRECT_OBJC_ISA_USAGE = YES_ERROR;
				CLANG_WARN_DOCUMENTATION_COMMENTS = YES;
				CLANG_WARN_EMPTY_BODY = YES;
				CLANG_WARN_ENUM_CONVERSION = YES;
				CLANG_WARN_INFINITE_RECURSION = YES;
				CLANG_WARN_INT_CONVERSION = YES;
				CLANG_WARN_NON_LITERAL_NULL_CONVERSION = YES;
				CLANG_WARN_OBJC_LITERAL_CONVERSION = YES;
				CLANG_WARN_OBJC_ROOT_CLASS = YES_ERROR;
				CLANG_WARN_RANGE_LOOP_ANALYSIS = YES;
				CLANG_WARN_STRICT_PROTOTYPES = YES;
				CLANG_WARN_SUSPICIOUS_MOVE = YES;
				CLANG_WARN_UNGUARDED_AVAILABILITY = YES_AGGRESSIVE;
				CLANG_WARN_UNREACHABLE_CODE = YES;
				CLANG_WARN__DUPLICATE_METHOD_MATCH = YES;
				CODE_SIGN_IDENTITY = "iPhone Developer";
				COPY_PHASE_STRIP = NO;
				DEBUG_INFORMATION_FORMAT = "dwarf-with-dsym";
				ENABLE_NS_ASSERTIONS = NO;
				ENABLE_STRICT_OBJC_MSGSEND = YES;
				GCC_C_LANGUAGE_STANDARD = gnu11;
				GCC_NO_COMMON_BLOCKS = YES;
				GCC_WARN_64_TO_32_BIT_CONVERSION = YES;
				GCC_WARN_ABOUT_RETURN_TYPE = YES_ERROR;
				GCC_WARN_UNDECLARED_SELECTOR = YES;
				GCC_WARN_UNINITIALIZED_AUTOS = YES_AGGRESSIVE;
				GCC_WARN_UNUSED_FUNCTION = YES;
				GCC_WARN_UNUSED_VARIABLE = YES;
				IPHONEOS_DEPLOYMENT_TARGET = 11.0;
				MTL_ENABLE_DEBUG_INFO = NO;
				SDKROOT = iphoneos;
				SWIFT_OPTIMIZATION_LEVEL = "-Owholemodule";
				VALIDATE_PRODUCT = YES;
			};
			name = Release;
		};
		742D91841F9076220023ACC9 /* Debug */ = {
			isa = XCBuildConfiguration;
			buildSettings = {
				ASSETCATALOG_COMPILER_APPICON_NAME = AppIcon;
				CODE_SIGN_STYLE = Automatic;
				DEVELOPMENT_TEAM = RBJZHXUW95;
				INFOPLIST_FILE = TestTable/Info.plist;
				LD_RUNPATH_SEARCH_PATHS = "$(inherited) @executable_path/Frameworks";
				PRODUCT_BUNDLE_IDENTIFIER = ioutback.TestTable;
				PRODUCT_NAME = "$(TARGET_NAME)";
				SWIFT_VERSION = 4.0;
				TARGETED_DEVICE_FAMILY = "1,2";
			};
			name = Debug;
		};
		742D91851F9076220023ACC9 /* Release */ = {
			isa = XCBuildConfiguration;
			buildSettings = {
				ASSETCATALOG_COMPILER_APPICON_NAME = AppIcon;
				CODE_SIGN_STYLE = Automatic;
				DEVELOPMENT_TEAM = RBJZHXUW95;
				INFOPLIST_FILE = TestTable/Info.plist;
				LD_RUNPATH_SEARCH_PATHS = "$(inherited) @executable_path/Frameworks";
				PRODUCT_BUNDLE_IDENTIFIER = ioutback.TestTable;
				PRODUCT_NAME = "$(TARGET_NAME)";
				SWIFT_VERSION = 4.0;
				TARGETED_DEVICE_FAMILY = "1,2";
			};
			name = Release;
		};
		742D91871F9076220023ACC9 /* Debug */ = {
			isa = XCBuildConfiguration;
			buildSettings = {
				ALWAYS_EMBED_SWIFT_STANDARD_LIBRARIES = YES;
				BUNDLE_LOADER = "$(TEST_HOST)";
				CODE_SIGN_STYLE = Automatic;
				DEVELOPMENT_TEAM = RBJZHXUW95;
				INFOPLIST_FILE = TestTableTests/Info.plist;
				LD_RUNPATH_SEARCH_PATHS = "$(inherited) @executable_path/Frameworks @loader_path/Frameworks";
				PRODUCT_BUNDLE_IDENTIFIER = ioutback.TestTableTests;
				PRODUCT_NAME = "$(TARGET_NAME)";
				SWIFT_VERSION = 4.0;
				TARGETED_DEVICE_FAMILY = "1,2";
				TEST_HOST = "$(BUILT_PRODUCTS_DIR)/TestTable.app/TestTable";
			};
			name = Debug;
		};
		742D91881F9076220023ACC9 /* Release */ = {
			isa = XCBuildConfiguration;
			buildSettings = {
				ALWAYS_EMBED_SWIFT_STANDARD_LIBRARIES = YES;
				BUNDLE_LOADER = "$(TEST_HOST)";
				CODE_SIGN_STYLE = Automatic;
				DEVELOPMENT_TEAM = RBJZHXUW95;
				INFOPLIST_FILE = TestTableTests/Info.plist;
				LD_RUNPATH_SEARCH_PATHS = "$(inherited) @executable_path/Frameworks @loader_path/Frameworks";
				PRODUCT_BUNDLE_IDENTIFIER = ioutback.TestTableTests;
				PRODUCT_NAME = "$(TARGET_NAME)";
				SWIFT_VERSION = 4.0;
				TARGETED_DEVICE_FAMILY = "1,2";
				TEST_HOST = "$(BUILT_PRODUCTS_DIR)/TestTable.app/TestTable";
			};
			name = Release;
		};
		742D918A1F9076220023ACC9 /* Debug */ = {
			isa = XCBuildConfiguration;
			buildSettings = {
				ALWAYS_EMBED_SWIFT_STANDARD_LIBRARIES = YES;
				CODE_SIGN_STYLE = Automatic;
				DEVELOPMENT_TEAM = RBJZHXUW95;
				INFOPLIST_FILE = TestTableUITests/Info.plist;
				LD_RUNPATH_SEARCH_PATHS = "$(inherited) @executable_path/Frameworks @loader_path/Frameworks";
				PRODUCT_BUNDLE_IDENTIFIER = ioutback.TestTableUITests;
				PRODUCT_NAME = "$(TARGET_NAME)";
				SWIFT_VERSION = 4.0;
				TARGETED_DEVICE_FAMILY = "1,2";
				TEST_TARGET_NAME = TestTable;
			};
			name = Debug;
		};
		742D918B1F9076220023ACC9 /* Release */ = {
			isa = XCBuildConfiguration;
			buildSettings = {
				ALWAYS_EMBED_SWIFT_STANDARD_LIBRARIES = YES;
				CODE_SIGN_STYLE = Automatic;
				DEVELOPMENT_TEAM = RBJZHXUW95;
				INFOPLIST_FILE = TestTableUITests/Info.plist;
				LD_RUNPATH_SEARCH_PATHS = "$(inherited) @executable_path/Frameworks @loader_path/Frameworks";
				PRODUCT_BUNDLE_IDENTIFIER = ioutback.TestTableUITests;
				PRODUCT_NAME = "$(TARGET_NAME)";
				SWIFT_VERSION = 4.0;
				TARGETED_DEVICE_FAMILY = "1,2";
				TEST_TARGET_NAME = TestTable;
			};
			name = Release;
		};
/* End XCBuildConfiguration section */

/* Begin XCConfigurationList section */
		742D91561F9076210023ACC9 /* Build configuration list for PBXProject "TestTable" */ = {
			isa = XCConfigurationList;
			buildConfigurations = (
				742D91811F9076220023ACC9 /* Debug */,
				742D91821F9076220023ACC9 /* Release */,
			);
			defaultConfigurationIsVisible = 0;
			defaultConfigurationName = Release;
		};
		742D91831F9076220023ACC9 /* Build configuration list for PBXNativeTarget "TestTable" */ = {
			isa = XCConfigurationList;
			buildConfigurations = (
				742D91841F9076220023ACC9 /* Debug */,
				742D91851F9076220023ACC9 /* Release */,
			);
			defaultConfigurationIsVisible = 0;
			defaultConfigurationName = Release;
		};
		742D91861F9076220023ACC9 /* Build configuration list for PBXNativeTarget "TestTableTests" */ = {
			isa = XCConfigurationList;
			buildConfigurations = (
				742D91871F9076220023ACC9 /* Debug */,
				742D91881F9076220023ACC9 /* Release */,
			);
			defaultConfigurationIsVisible = 0;
			defaultConfigurationName = Release;
		};
		742D91891F9076220023ACC9 /* Build configuration list for PBXNativeTarget "TestTableUITests" */ = {
			isa = XCConfigurationList;
			buildConfigurations = (
				742D918A1F9076220023ACC9 /* Debug */,
				742D918B1F9076220023ACC9 /* Release */,
			);
			defaultConfigurationIsVisible = 0;
			defaultConfigurationName = Release;
		};
/* End XCConfigurationList section */
	};
	rootObject = 742D91531F9076210023ACC9 /* Project object */;
}
